Microsoft Visual Studio Solution File, Format Version 7.00
Project("{8BC9CEB8-8B4A-11D0-8D11-00A0C91BC942}") = "DeityCore", "DeityCore.vcproj", "{955BF3E4-13C2-4C83-8E6C-A86CDF4E940F}"
EndProject
Project("{8BC9CEB8-8B4A-11D0-8D11-00A0C91BC942}") = "DeityClient", "..\DeityClient\DeityClient.vcproj", "{464276B8-1913-4290-B2B1-BF7AC754D327}"
EndProject
Project("{8BC9CEB8-8B4A-11D0-8D11-00A0C91BC942}") = "DeityHook", "..\DeityHook\DeityHook.vcproj", "{2FF1F64C-6F19-4605-9B1D-DE0CF45211D5}"
EndProject
Project("{8BC9CEB8-8B4A-11D0-8D11-00A0C91BC942}") = "DeityTools", "..\DeityTools\DeityTools.vcproj", "{9B4DF27A-014F-403A-972B-D18FA19F5441}"
EndProject
Global
	GlobalSection(SolutionConfiguration) = preSolution
		ConfigName.0 = Debug
		ConfigName.1 = Release
	EndGlobalSection
	GlobalSection(ProjectDependencies) = postSolution
		{955BF3E4-13C2-4C83-8E6C-A86CDF4E940F}.0 = {2FF1F64C-6F19-4605-9B1D-DE0CF45211D5}
		{464276B8-1913-4290-B2B1-BF7AC754D327}.0 = {955BF3E4-13C2-4C83-8E6C-A86CDF4E940F}
	EndGlobalSection
	GlobalSection(ProjectConfiguration) = postSolution
		{955BF3E4-13C2-4C83-8E6C-A86CDF4E940F}.Debug.ActiveCfg = Debug|Win32
		{955BF3E4-13C2-4C83-8E6C-A86CDF4E940F}.Debug.Build.0 = Debug|Win32
		{955BF3E4-13C2-4C83-8E6C-A86CDF4E940F}.Release.ActiveCfg = Release|Win32
		{955BF3E4-13C2-4C83-8E6C-A86CDF4E940F}.Release.Build.0 = Release|Win32
		{464276B8-1913-4290-B2B1-BF7AC754D327}.Debug.ActiveCfg = Debug|Win32
		{464276B8-1913-4290-B2B1-BF7AC754D327}.Release.ActiveCfg = Release|Win32
		{464276B8-1913-4290-B2B1-BF7AC754D327}.Release.Build.0 = Release|Win32
		{2FF1F64C-6F19-4605-9B1D-DE0CF45211D5}.Debug.ActiveCfg = Debug|Win32
		{2FF1F64C-6F19-4605-9B1D-DE0CF45211D5}.Debug.Build.0 = Debug|Win32
		{2FF1F64C-6F19-4605-9B1D-DE0CF45211D5}.Release.ActiveCfg = Release|Win32
		{2FF1F64C-6F19-4605-9B1D-DE0CF45211D5}.Release.Build.0 = Release|Win32
		{9B4DF27A-014F-403A-972B-D18FA19F5441}.Debug.ActiveCfg = Debug|Win32
		{9B4DF27A-014F-403A-972B-D18FA19F5441}.Debug.Build.0 = Debug|Win32
		{9B4DF27A-014F-403A-972B-D18FA19F5441}.Release.ActiveCfg = Release|Win32
		{9B4DF27A-014F-403A-972B-D18FA19F5441}.Release.Build.0 = Release|Win32
	EndGlobalSection
	GlobalSection(ExtensibilityGlobals) = postSolution
	EndGlobalSection
	GlobalSection(ExtensibilityAddIns) = postSolution
	EndGlobalSection
EndGlobal
